
Microsoft Visual Studio Solution File, Format Version 12.00
# Visual Studio Version 17
VisualStudioVersion = 17.5.002.0
MinimumVisualStudioVersion = 10.0.40219.1
Project("{2150E333-8FDC-42A3-9474-1A3956D46DE8}") = "csharp-prep", "csharp-prep", "{8321A90F-D094-4F3D-A7AD-B59548845B84}"
EndProject
Project("{9A19103F-16F7-4668-BE54-9A1E7A4F7556}") = "Prep1", "csharp-prep\Prep1\Prep1.csproj", "{11C8C22A-D689-4609-8BC8-2711529B40F8}"
EndProject
Project("{9A19103F-16F7-4668-BE54-9A1E7A4F7556}") = "Prep2", "csharp-prep\Prep2\Prep2.csproj", "{2845D440-63D5-4303-86EA-C085D01CC5FB}"
EndProject
Project("{9A19103F-16F7-4668-BE54-9A1E7A4F7556}") = "Prep3", "csharp-prep\Prep3\Prep3.csproj", "{F3921181-D895-4C1B-82B4-7B154B02236A}"
EndProject
Project("{9A19103F-16F7-4668-BE54-9A1E7A4F7556}") = "Prep4", "csharp-prep\Prep4\Prep4.csproj", "{7E32BEAC-31A8-4CC7-BE84-F863F740CEF2}"
EndProject
Project("{9A19103F-16F7-4668-BE54-9A1E7A4F7556}") = "Prep5", "csharp-prep\Prep5\Prep5.csproj", "{422A2C41-DB53-47FF-8E95-F587F20C56A7}"
EndProject
Project("{2150E333-8FDC-42A3-9474-1A3956D46DE8}") = "final", "final", "{716DBFC9-CEB2-4BCE-824B-FECFF7E142F8}"
EndProject
Project("{9A19103F-16F7-4668-BE54-9A1E7A4F7556}") = "FinalProject", "final\FinalProject\FinalProject.csproj", "{EC16D90A-B9BE-4B9A-A2D4-1BDB8026506E}"
EndProject
Project("{9A19103F-16F7-4668-BE54-9A1E7A4F7556}") = "Foundation1", "final\Foundation1\Foundation1.csproj", "{E82D2F2B-167C-4D81-BD88-CF41A1EE51B4}"
EndProject
Project("{9A19103F-16F7-4668-BE54-9A1E7A4F7556}") = "Foundation2", "final\Foundation2\Foundation2.csproj", "{50D0C77E-353F-4C11-AB6F-547D9E533CA0}"
EndProject
Project("{9A19103F-16F7-4668-BE54-9A1E7A4F7556}") = "Foundation3", "final\Foundation3\Foundation3.csproj", "{5D133637-62B4-4EAD-ADE6-C6241E2FBAE1}"
EndProject
Project("{9A19103F-16F7-4668-BE54-9A1E7A4F7556}") = "Foundation4", "final\Foundation4\Foundation4.csproj", "{14A2521B-5018-4DC0-B709-3387D32A2AA5}"
EndProject
Project("{2150E333-8FDC-42A3-9474-1A3956D46DE8}") = "prepare", "prepare", "{CEFAD500-9F89-403B-A5B0-43077ED0B4B6}"
EndProject
Project("{9A19103F-16F7-4668-BE54-9A1E7A4F7556}") = "Learning02", "prepare\Learning02\Learning02.csproj", "{1B1F37A2-A9AF-45C6-84C5-86820C0C6D40}"
EndProject
Project("{9A19103F-16F7-4668-BE54-9A1E7A4F7556}") = "Learning03", "prepare\Learning03\Learning03.csproj", "{1A1ED583-A420-4693-8E70-BF52A789C573}"
EndProject
Project("{9A19103F-16F7-4668-BE54-9A1E7A4F7556}") = "Learning04", "prepare\Learning04\Learning04.csproj", "{11599BCB-8BA3-4C8C-9C50-6CF445F74EE7}"
EndProject
Project("{9A19103F-16F7-4668-BE54-9A1E7A4F7556}") = "Learning05", "prepare\Learning05\Learning05.csproj", "{F461E439-E759-4E17-8F98-5116054F5146}"
EndProject
Project("{2150E333-8FDC-42A3-9474-1A3956D46DE8}") = "prove", "prove", "{13204A91-4873-48A6-968A-5345FD8C3407}"
EndProject
Project("{9A19103F-16F7-4668-BE54-9A1E7A4F7556}") = "Develop02", "prove\Develop02\Develop02.csproj", "{DFADE907-3AF3-49C7-9260-03ABE6E88709}"
EndProject
Project("{9A19103F-16F7-4668-BE54-9A1E7A4F7556}") = "Develop03", "prove\Develop03\Develop03.csproj", "{A4D89D17-0CB7-4C84-9863-2A8888C9D8D9}"
EndProject
Project("{9A19103F-16F7-4668-BE54-9A1E7A4F7556}") = "Develop04", "prove\Develop04\Develop04.csproj", "{F86761F5-894F-4725-8970-0F92125D8D20}"
EndProject
Project("{9A19103F-16F7-4668-BE54-9A1E7A4F7556}") = "Develop05", "prove\Develop05\Develop05.csproj", "{C4E38879-3ED7-402D-9D55-6557ACA8B7F3}"
EndProject
Project("{2150E333-8FDC-42A3-9474-1A3956D46DE8}") = "sandbox", "sandbox", "{D693627E-CC7B-4FA0-96F7-09F34289A0FC}"
EndProject
Project("{9A19103F-16F7-4668-BE54-9A1E7A4F7556}") = "Sandbox", "sandbox\Sandbox\Sandbox.csproj", "{521F24AD-5F59-4D38-A7DB-5B09E7955E57}"
EndProject
Global
	GlobalSection(SolutionConfigurationPlatforms) = preSolution
		Debug|Any CPU = Debug|Any CPU
		Release|Any CPU = Release|Any CPU
	EndGlobalSection
	GlobalSection(ProjectConfigurationPlatforms) = postSolution
		{11C8C22A-D689-4609-8BC8-2711529B40F8}.Debug|Any CPU.ActiveCfg = Debug|Any CPU
		{11C8C22A-D689-4609-8BC8-2711529B40F8}.Debug|Any CPU.Build.0 = Debug|Any CPU
		{11C8C22A-D689-4609-8BC8-2711529B40F8}.Release|Any CPU.ActiveCfg = Release|Any CPU
		{11C8C22A-D689-4609-8BC8-2711529B40F8}.Release|Any CPU.Build.0 = Release|Any CPU
		{2845D440-63D5-4303-86EA-C085D01CC5FB}.Debug|Any CPU.ActiveCfg = Debug|Any CPU
		{2845D440-63D5-4303-86EA-C085D01CC5FB}.Debug|Any CPU.Build.0 = Debug|Any CPU
		{2845D440-63D5-4303-86EA-C085D01CC5FB}.Release|Any CPU.ActiveCfg = Release|Any CPU
		{2845D440-63D5-4303-86EA-C085D01CC5FB}.Release|Any CPU.Build.0 = Release|Any CPU
		{F3921181-D895-4C1B-82B4-7B154B02236A}.Debug|Any CPU.ActiveCfg = Debug|Any CPU
		{F3921181-D895-4C1B-82B4-7B154B02236A}.Debug|Any CPU.Build.0 = Debug|Any CPU
		{F3921181-D895-4C1B-82B4-7B154B02236A}.Release|Any CPU.ActiveCfg = Release|Any CPU
		{F3921181-D895-4C1B-82B4-7B154B02236A}.Release|Any CPU.Build.0 = Release|Any CPU
		{7E32BEAC-31A8-4CC7-BE84-F863F740CEF2}.Debug|Any CPU.ActiveCfg = Debug|Any CPU
		{7E32BEAC-31A8-4CC7-BE84-F863F740CEF2}.Debug|Any CPU.Build.0 = Debug|Any CPU
		{7E32BEAC-31A8-4CC7-BE84-F863F740CEF2}.Release|Any CPU.ActiveCfg = Release|Any CPU
		{7E32BEAC-31A8-4CC7-BE84-F863F740CEF2}.Release|Any CPU.Build.0 = Release|Any CPU
		{422A2C41-DB53-47FF-8E95-F587F20C56A7}.Debug|Any CPU.ActiveCfg = Debug|Any CPU
		{422A2C41-DB53-47FF-8E95-F587F20C56A7}.Debug|Any CPU.Build.0 = Debug|Any CPU
		{422A2C41-DB53-47FF-8E95-F587F20C56A7}.Release|Any CPU.ActiveCfg = Release|Any CPU
		{422A2C41-DB53-47FF-8E95-F587F20C56A7}.Release|Any CPU.Build.0 = Release|Any CPU
		{EC16D90A-B9BE-4B9A-A2D4-1BDB8026506E}.Debug|Any CPU.ActiveCfg = Debug|Any CPU
		{EC16D90A-B9BE-4B9A-A2D4-1BDB8026506E}.Debug|Any CPU.Build.0 = Debug|Any CPU
		{EC16D90A-B9BE-4B9A-A2D4-1BDB8026506E}.Release|Any CPU.ActiveCfg = Release|Any CPU
		{EC16D90A-B9BE-4B9A-A2D4-1BDB8026506E}.Release|Any CPU.Build.0 = Release|Any CPU
		{E82D2F2B-167C-4D81-BD88-CF41A1EE51B4}.Debug|Any CPU.ActiveCfg = Debug|Any CPU
		{E82D2F2B-167C-4D81-BD88-CF41A1EE51B4}.Debug|Any CPU.Build.0 = Debug|Any CPU
		{E82D2F2B-167C-4D81-BD88-CF41A1EE51B4}.Release|Any CPU.ActiveCfg = Release|Any CPU
		{E82D2F2B-167C-4D81-BD88-CF41A1EE51B4}.Release|Any CPU.Build.0 = Release|Any CPU
		{50D0C77E-353F-4C11-AB6F-547D9E533CA0}.Debug|Any CPU.ActiveCfg = Debug|Any CPU
		{50D0C77E-353F-4C11-AB6F-547D9E533CA0}.Debug|Any CPU.Build.0 = Debug|Any CPU
		{50D0C77E-353F-4C11-AB6F-547D9E533CA0}.Release|Any CPU.ActiveCfg = Release|Any CPU
		{50D0C77E-353F-4C11-AB6F-547D9E533CA0}.Release|Any CPU.Build.0 = Release|Any CPU
		{5D133637-62B4-4EAD-ADE6-C6241E2FBAE1}.Debug|Any CPU.ActiveCfg = Debug|Any CPU
		{5D133637-62B4-4EAD-ADE6-C6241E2FBAE1}.Debug|Any CPU.Build.0 = Debug|Any CPU
		{5D133637-62B4-4EAD-ADE6-C6241E2FBAE1}.Release|Any CPU.ActiveCfg = Release|Any CPU
		{5D133637-62B4-4EAD-ADE6-C6241E2FBAE1}.Release|Any CPU.Build.0 = Release|Any CPU
		{14A2521B-5018-4DC0-B709-3387D32A2AA5}.Debug|Any CPU.ActiveCfg = Debug|Any CPU
		{14A2521B-5018-4DC0-B709-3387D32A2AA5}.Debug|Any CPU.Build.0 = Debug|Any CPU
		{14A2521B-5018-4DC0-B709-3387D32A2AA5}.Release|Any CPU.ActiveCfg = Release|Any CPU
		{14A2521B-5018-4DC0-B709-3387D32A2AA5}.Release|Any CPU.Build.0 = Release|Any CPU
		{1B1F37A2-A9AF-45C6-84C5-86820C0C6D40}.Debug|Any CPU.ActiveCfg = Debug|Any CPU
		{1B1F37A2-A9AF-45C6-84C5-86820C0C6D40}.Debug|Any CPU.Build.0 = Debug|Any CPU
		{1B1F37A2-A9AF-45C6-84C5-86820C0C6D40}.Release|Any CPU.ActiveCfg = Release|Any CPU
		{1B1F37A2-A9AF-45C6-84C5-86820C0C6D40}.Release|Any CPU.Build.0 = Release|Any CPU
		{1A1ED583-A420-4693-8E70-BF52A789C573}.Debug|Any CPU.ActiveCfg = Debug|Any CPU
		{1A1ED583-A420-4693-8E70-BF52A789C573}.Debug|Any CPU.Build.0 = Debug|Any CPU
		{1A1ED583-A420-4693-8E70-BF52A789C573}.Release|Any CPU.ActiveCfg = Release|Any CPU
		{1A1ED583-A420-4693-8E70-BF52A789C573}.Release|Any CPU.Build.0 = Release|Any CPU
		{11599BCB-8BA3-4C8C-9C50-6CF445F74EE7}.Debug|Any CPU.ActiveCfg = Debug|Any CPU
		{11599BCB-8BA3-4C8C-9C50-6CF445F74EE7}.Debug|Any CPU.Build.0 = Debug|Any CPU
		{11599BCB-8BA3-4C8C-9C50-6CF445F74EE7}.Release|Any CPU.ActiveCfg = Release|Any CPU
		{11599BCB-8BA3-4C8C-9C50-6CF445F74EE7}.Release|Any CPU.Build.0 = Release|Any CPU
		{F461E439-E759-4E17-8F98-5116054F5146}.Debug|Any CPU.ActiveCfg = Debug|Any CPU
		{F461E439-E759-4E17-8F98-5116054F5146}.Debug|Any CPU.Build.0 = Debug|Any CPU
		{F461E439-E759-4E17-8F98-5116054F5146}.Release|Any CPU.ActiveCfg = Release|Any CPU
		{F461E439-E759-4E17-8F98-5116054F5146}.Release|Any CPU.Build.0 = Release|Any CPU
		{DFADE907-3AF3-49C7-9260-03ABE6E88709}.Debug|Any CPU.ActiveCfg = Debug|Any CPU
		{DFADE907-3AF3-49C7-9260-03ABE6E88709}.Debug|Any CPU.Build.0 = Debug|Any CPU
		{DFADE907-3AF3-49C7-9260-03ABE6E88709}.Release|Any CPU.ActiveCfg = Release|Any CPU
		{DFADE907-3AF3-49C7-9260-03ABE6E88709}.Release|Any CPU.Build.0 = Release|Any CPU
		{A4D89D17-0CB7-4C84-9863-2A8888C9D8D9}.Debug|Any CPU.ActiveCfg = Debug|Any CPU
		{A4D89D17-0CB7-4C84-9863-2A8888C9D8D9}.Debug|Any CPU.Build.0 = Debug|Any CPU
		{A4D89D17-0CB7-4C84-9863-2A8888C9D8D9}.Release|Any CPU.ActiveCfg = Release|Any CPU
		{A4D89D17-0CB7-4C84-9863-2A8888C9D8D9}.Release|Any CPU.Build.0 = Release|Any CPU
		{F86761F5-894F-4725-8970-0F92125D8D20}.Debug|Any CPU.ActiveCfg = Debug|Any CPU
		{F86761F5-894F-4725-8970-0F92125D8D20}.Debug|Any CPU.Build.0 = Debug|Any CPU
		{F86761F5-894F-4725-8970-0F92125D8D20}.Release|Any CPU.ActiveCfg = Release|Any CPU
		{F86761F5-894F-4725-8970-0F92125D8D20}.Release|Any CPU.Build.0 = Release|Any CPU
		{C4E38879-3ED7-402D-9D55-6557ACA8B7F3}.Debug|Any CPU.ActiveCfg = Debug|Any CPU
		{C4E38879-3ED7-402D-9D55-6557ACA8B7F3}.Debug|Any CPU.Build.0 = Debug|Any CPU
		{C4E38879-3ED7-402D-9D55-6557ACA8B7F3}.Release|Any CPU.ActiveCfg = Release|Any CPU
		{C4E38879-3ED7-402D-9D55-6557ACA8B7F3}.Release|Any CPU.Build.0 = Release|Any CPU
		{521F24AD-5F59-4D38-A7DB-5B09E7955E57}.Debug|Any CPU.ActiveCfg = Debug|Any CPU
		{521F24AD-5F59-4D38-A7DB-5B09E7955E57}.Debug|Any CPU.Build.0 = Debug|Any CPU
		{521F24AD-5F59-4D38-A7DB-5B09E7955E57}.Release|Any CPU.ActiveCfg = Release|Any CPU
		{521F24AD-5F59-4D38-A7DB-5B09E7955E57}.Release|Any CPU.Build.0 = Release|Any CPU
	EndGlobalSection
	GlobalSection(SolutionProperties) = preSolution
		HideSolutionNode = FALSE
	EndGlobalSection
	GlobalSection(NestedProjects) = preSolution
		{11C8C22A-D689-4609-8BC8-2711529B40F8} = {8321A90F-D094-4F3D-A7AD-B59548845B84}
		{2845D440-63D5-4303-86EA-C085D01CC5FB} = {8321A90F-D094-4F3D-A7AD-B59548845B84}
		{F3921181-D895-4C1B-82B4-7B154B02236A} = {8321A90F-D094-4F3D-A7AD-B59548845B84}
		{7E32BEAC-31A8-4CC7-BE84-F863F740CEF2} = {8321A90F-D094-4F3D-A7AD-B59548845B84}
		{422A2C41-DB53-47FF-8E95-F587F20C56A7} = {8321A90F-D094-4F3D-A7AD-B59548845B84}
		{EC16D90A-B9BE-4B9A-A2D4-1BDB8026506E} = {716DBFC9-CEB2-4BCE-824B-FECFF7E142F8}
		{E82D2F2B-167C-4D81-BD88-CF41A1EE51B4} = {716DBFC9-CEB2-4BCE-824B-FECFF7E142F8}
		{50D0C77E-353F-4C11-AB6F-547D9E533CA0} = {716DBFC9-CEB2-4BCE-824B-FECFF7E142F8}
		{5D133637-62B4-4EAD-ADE6-C6241E2FBAE1} = {716DBFC9-CEB2-4BCE-824B-FECFF7E142F8}
		{14A2521B-5018-4DC0-B709-3387D32A2AA5} = {716DBFC9-CEB2-4BCE-824B-FECFF7E142F8}
		{1B1F37A2-A9AF-45C6-84C5-86820C0C6D40} = {CEFAD500-9F89-403B-A5B0-43077ED0B4B6}
		{1A1ED583-A420-4693-8E70-BF52A789C573} = {CEFAD500-9F89-403B-A5B0-43077ED0B4B6}
		{11599BCB-8BA3-4C8C-9C50-6CF445F74EE7} = {CEFAD500-9F89-403B-A5B0-43077ED0B4B6}
		{F461E439-E759-4E17-8F98-5116054F5146} = {CEFAD500-9F89-403B-A5B0-43077ED0B4B6}
		{DFADE907-3AF3-49C7-9260-03ABE6E88709} = {13204A91-4873-48A6-968A-5345FD8C3407}
		{A4D89D17-0CB7-4C84-9863-2A8888C9D8D9} = {13204A91-4873-48A6-968A-5345FD8C3407}
		{F86761F5-894F-4725-8970-0F92125D8D20} = {13204A91-4873-48A6-968A-5345FD8C3407}
		{C4E38879-3ED7-402D-9D55-6557ACA8B7F3} = {13204A91-4873-48A6-968A-5345FD8C3407}
		{521F24AD-5F59-4D38-A7DB-5B09E7955E57} = {D693627E-CC7B-4FA0-96F7-09F34289A0FC}
	EndGlobalSection
	GlobalSection(ExtensibilityGlobals) = postSolution
		SolutionGuid = {5CB7F570-18CE-4171-8FB0-81D705A5AF53}
	EndGlobalSection
EndGlobal
